// !$*UTF8*$!
{
	archiveVersion = 1;
	classes = {
	};
	objectVersion = 50;
	objects = {

/* Begin PBXBuildFile section */
		10BF72B1211541C100D91184 /* AppDelegate.swift in Sources */ = {isa = PBXBuildFile; fileRef = 10BF72B0211541C100D91184 /* AppDelegate.swift */; };
		10BF72B6211541C100D91184 /* Main.storyboard in Resources */ = {isa = PBXBuildFile; fileRef = 10BF72B4211541C100D91184 /* Main.storyboard */; };
		10BF72B8211541C300D91184 /* Assets.xcassets in Resources */ = {isa = PBXBuildFile; fileRef = 10BF72B7211541C300D91184 /* Assets.xcassets */; };
		10BF72BB211541C300D91184 /* LaunchScreen.storyboard in Resources */ = {isa = PBXBuildFile; fileRef = 10BF72B9211541C300D91184 /* LaunchScreen.storyboard */; };
		10BF72C6211541C300D91184 /* DynamicLayoutTests.swift in Sources */ = {isa = PBXBuildFile; fileRef = 10BF72C5211541C300D91184 /* DynamicLayoutTests.swift */; };
		10BF72D1211541C300D91184 /* DynamicLayoutUITests.swift in Sources */ = {isa = PBXBuildFile; fileRef = 10BF72D0211541C300D91184 /* DynamicLayoutUITests.swift */; };
		10BF72E92115446A00D91184 /* HomeInterfaces.swift in Sources */ = {isa = PBXBuildFile; fileRef = 10BF72E82115446A00D91184 /* HomeInterfaces.swift */; };
		10BF72EB211544AA00D91184 /* HomePresenter.swift in Sources */ = {isa = PBXBuildFile; fileRef = 10BF72EA211544AA00D91184 /* HomePresenter.swift */; };
		10BF72ED211544D300D91184 /* HomeInteractor.swift in Sources */ = {isa = PBXBuildFile; fileRef = 10BF72EC211544D300D91184 /* HomeInteractor.swift */; };
		10BF72F0211544FF00D91184 /* HomeWireframe.swift in Sources */ = {isa = PBXBuildFile; fileRef = 10BF72EF211544FF00D91184 /* HomeWireframe.swift */; };
		10BF72F22115452800D91184 /* HomeViewController.swift in Sources */ = {isa = PBXBuildFile; fileRef = 10BF72F12115452800D91184 /* HomeViewController.swift */; };
		10BF72F52115461700D91184 /* HomeFeeds.json in Resources */ = {isa = PBXBuildFile; fileRef = 10BF72F42115461700D91184 /* HomeFeeds.json */; };
		10BF72F82115720600D91184 /* BaseWireframe.swift in Sources */ = {isa = PBXBuildFile; fileRef = 10BF72F72115720600D91184 /* BaseWireframe.swift */; };
		10BF72FB211574F100D91184 /* UINavigationControllerExtension.swift in Sources */ = {isa = PBXBuildFile; fileRef = 10BF72FA211574F100D91184 /* UINavigationControllerExtension.swift */; };
		10BF72FE21157AB300D91184 /* UIViewControllerExtension.swift in Sources */ = {isa = PBXBuildFile; fileRef = 10BF72FD21157AB300D91184 /* UIViewControllerExtension.swift */; };
		10BF73002115849C00D91184 /* UIStoryboardExtension.swift in Sources */ = {isa = PBXBuildFile; fileRef = 10BF72FF2115849C00D91184 /* UIStoryboardExtension.swift */; };
		10BF730221158B6E00D91184 /* Home.storyboard in Resources */ = {isa = PBXBuildFile; fileRef = 10BF730121158B6E00D91184 /* Home.storyboard */; };
		10BF73042115929C00D91184 /* BasePresenter.swift in Sources */ = {isa = PBXBuildFile; fileRef = 10BF73032115929C00D91184 /* BasePresenter.swift */; };
		10BF7306211592BD00D91184 /* BaseInteractor.swift in Sources */ = {isa = PBXBuildFile; fileRef = 10BF7305211592BD00D91184 /* BaseInteractor.swift */; };
		10BF73082115A03600D91184 /* BaseView.swift in Sources */ = {isa = PBXBuildFile; fileRef = 10BF73072115A03600D91184 /* BaseView.swift */; };
		10BF730D2115C2E300D91184 /* ReusableView.swift in Sources */ = {isa = PBXBuildFile; fileRef = 10BF730C2115C2E300D91184 /* ReusableView.swift */; };
		10BF730F2115C3A000D91184 /* UITableViewCellExtension.swift in Sources */ = {isa = PBXBuildFile; fileRef = 10BF730E2115C3A000D91184 /* UITableViewCellExtension.swift */; };
		10BF73112115C3BE00D91184 /* UITableViewExtension.swift in Sources */ = {isa = PBXBuildFile; fileRef = 10BF73102115C3BE00D91184 /* UITableViewExtension.swift */; };
		10BF73132115C3D300D91184 /* UICollectionViewCellExtension.swift in Sources */ = {isa = PBXBuildFile; fileRef = 10BF73122115C3D300D91184 /* UICollectionViewCellExtension.swift */; };
		10BF73152115C3E800D91184 /* UICollectionViewExtension.swift in Sources */ = {isa = PBXBuildFile; fileRef = 10BF73142115C3E800D91184 /* UICollectionViewExtension.swift */; };
		10BF73172115C66A00D91184 /* NibLoadableView.swift in Sources */ = {isa = PBXBuildFile; fileRef = 10BF73162115C66A00D91184 /* NibLoadableView.swift */; };
		10BF731A2115CBD800D91184 /* TextFeedsTableViewCell.swift in Sources */ = {isa = PBXBuildFile; fileRef = 10BF73182115CBD800D91184 /* TextFeedsTableViewCell.swift */; };
		10BF731B2115CBD800D91184 /* TextFeedsTableViewCell.xib in Resources */ = {isa = PBXBuildFile; fileRef = 10BF73192115CBD800D91184 /* TextFeedsTableViewCell.xib */; };
		10BF731E2115E9C300D91184 /* TextFeed.swift in Sources */ = {isa = PBXBuildFile; fileRef = 10BF731D2115E9C300D91184 /* TextFeed.swift */; };
		10BF73232116439600D91184 /* LocalDataService.swift in Sources */ = {isa = PBXBuildFile; fileRef = 10BF73222116439600D91184 /* LocalDataService.swift */; };
		10BF73252116489300D91184 /* ImageFeed.swift in Sources */ = {isa = PBXBuildFile; fileRef = 10BF73242116489300D91184 /* ImageFeed.swift */; };
		10BF732721164A2900D91184 /* HomeFeedType.swift in Sources */ = {isa = PBXBuildFile; fileRef = 10BF732621164A2900D91184 /* HomeFeedType.swift */; };
		10BF732921164B0800D91184 /* HomeFeedModel.swift in Sources */ = {isa = PBXBuildFile; fileRef = 10BF732821164B0800D91184 /* HomeFeedModel.swift */; };
		10BF732B21164F6200D91184 /* ErrorData.swift in Sources */ = {isa = PBXBuildFile; fileRef = 10BF732A21164F6200D91184 /* ErrorData.swift */; };
		10BF732D2116D90E00D91184 /* ResponseStatus.swift in Sources */ = {isa = PBXBuildFile; fileRef = 10BF732C2116D90E00D91184 /* ResponseStatus.swift */; };
		10BF73302116DC5800D91184 /* ImageFeedTableViewCell.swift in Sources */ = {isa = PBXBuildFile; fileRef = 10BF732E2116DC5800D91184 /* ImageFeedTableViewCell.swift */; };
		10BF73312116DC5800D91184 /* ImageFeedTableViewCell.xib in Resources */ = {isa = PBXBuildFile; fileRef = 10BF732F2116DC5800D91184 /* ImageFeedTableViewCell.xib */; };
/* End PBXBuildFile section */

/* Begin PBXContainerItemProxy section */
		10BF72C2211541C300D91184 /* PBXContainerItemProxy */ = {
			isa = PBXContainerItemProxy;
			containerPortal = 10BF72A5211541C100D91184 /* Project object */;
			proxyType = 1;
			remoteGlobalIDString = 10BF72AC211541C100D91184;
			remoteInfo = DynamicLayout;
		};
		10BF72CD211541C300D91184 /* PBXContainerItemProxy */ = {
			isa = PBXContainerItemProxy;
			containerPortal = 10BF72A5211541C100D91184 /* Project object */;
			proxyType = 1;
			remoteGlobalIDString = 10BF72AC211541C100D91184;
			remoteInfo = DynamicLayout;
		};
/* End PBXContainerItemProxy section */

/* Begin PBXFileReference section */
		10BF72AD211541C100D91184 /* DynamicLayout.app */ = {isa = PBXFileReference; explicitFileType = wrapper.application; includeInIndex = 0; path = DynamicLayout.app; sourceTree = BUILT_PRODUCTS_DIR; };
		10BF72B0211541C100D91184 /* AppDelegate.swift */ = {isa = PBXFileReference; lastKnownFileType = sourcecode.swift; path = AppDelegate.swift; sourceTree = "<group>"; };
		10BF72B5211541C100D91184 /* Base */ = {isa = PBXFileReference; lastKnownFileType = file.storyboard; name = Base; path = Base.lproj/Main.storyboard; sourceTree = "<group>"; };
		10BF72B7211541C300D91184 /* Assets.xcassets */ = {isa = PBXFileReference; lastKnownFileType = folder.assetcatalog; path = Assets.xcassets; sourceTree = "<group>"; };
		10BF72BA211541C300D91184 /* Base */ = {isa = PBXFileReference; lastKnownFileType = file.storyboard; name = Base; path = Base.lproj/LaunchScreen.storyboard; sourceTree = "<group>"; };
		10BF72BC211541C300D91184 /* Info.plist */ = {isa = PBXFileReference; lastKnownFileType = text.plist.xml; path = Info.plist; sourceTree = "<group>"; };
		10BF72C1211541C300D91184 /* DynamicLayoutTests.xctest */ = {isa = PBXFileReference; explicitFileType = wrapper.cfbundle; includeInIndex = 0; path = DynamicLayoutTests.xctest; sourceTree = BUILT_PRODUCTS_DIR; };
		10BF72C5211541C300D91184 /* DynamicLayoutTests.swift */ = {isa = PBXFileReference; lastKnownFileType = sourcecode.swift; path = DynamicLayoutTests.swift; sourceTree = "<group>"; };
		10BF72C7211541C300D91184 /* Info.plist */ = {isa = PBXFileReference; lastKnownFileType = text.plist.xml; path = Info.plist; sourceTree = "<group>"; };
		10BF72CC211541C300D91184 /* DynamicLayoutUITests.xctest */ = {isa = PBXFileReference; explicitFileType = wrapper.cfbundle; includeInIndex = 0; path = DynamicLayoutUITests.xctest; sourceTree = BUILT_PRODUCTS_DIR; };
		10BF72D0211541C300D91184 /* DynamicLayoutUITests.swift */ = {isa = PBXFileReference; lastKnownFileType = sourcecode.swift; path = DynamicLayoutUITests.swift; sourceTree = "<group>"; };
		10BF72D2211541C300D91184 /* Info.plist */ = {isa = PBXFileReference; lastKnownFileType = text.plist.xml; path = Info.plist; sourceTree = "<group>"; };
		10BF72E82115446A00D91184 /* HomeInterfaces.swift */ = {isa = PBXFileReference; lastKnownFileType = sourcecode.swift; path = HomeInterfaces.swift; sourceTree = "<group>"; };
		10BF72EA211544AA00D91184 /* HomePresenter.swift */ = {isa = PBXFileReference; lastKnownFileType = sourcecode.swift; path = HomePresenter.swift; sourceTree = "<group>"; };
		10BF72EC211544D300D91184 /* HomeInteractor.swift */ = {isa = PBXFileReference; lastKnownFileType = sourcecode.swift; path = HomeInteractor.swift; sourceTree = "<group>"; };
		10BF72EF211544FF00D91184 /* HomeWireframe.swift */ = {isa = PBXFileReference; lastKnownFileType = sourcecode.swift; path = HomeWireframe.swift; sourceTree = "<group>"; };
		10BF72F12115452800D91184 /* HomeViewController.swift */ = {isa = PBXFileReference; lastKnownFileType = sourcecode.swift; path = HomeViewController.swift; sourceTree = "<group>"; };
		10BF72F42115461700D91184 /* HomeFeeds.json */ = {isa = PBXFileReference; lastKnownFileType = text.json; path = HomeFeeds.json; sourceTree = "<group>"; };
		10BF72F72115720600D91184 /* BaseWireframe.swift */ = {isa = PBXFileReference; lastKnownFileType = sourcecode.swift; path = BaseWireframe.swift; sourceTree = "<group>"; };
		10BF72FA211574F100D91184 /* UINavigationControllerExtension.swift */ = {isa = PBXFileReference; lastKnownFileType = sourcecode.swift; path = UINavigationControllerExtension.swift; sourceTree = "<group>"; };
		10BF72FD21157AB300D91184 /* UIViewControllerExtension.swift */ = {isa = PBXFileReference; lastKnownFileType = sourcecode.swift; path = UIViewControllerExtension.swift; sourceTree = "<group>"; };
		10BF72FF2115849C00D91184 /* UIStoryboardExtension.swift */ = {isa = PBXFileReference; lastKnownFileType = sourcecode.swift; path = UIStoryboardExtension.swift; sourceTree = "<group>"; };
		10BF730121158B6E00D91184 /* Home.storyboard */ = {isa = PBXFileReference; lastKnownFileType = file.storyboard; path = Home.storyboard; sourceTree = "<group>"; };
		10BF73032115929C00D91184 /* BasePresenter.swift */ = {isa = PBXFileReference; lastKnownFileType = sourcecode.swift; path = BasePresenter.swift; sourceTree = "<group>"; };
		10BF7305211592BD00D91184 /* BaseInteractor.swift */ = {isa = PBXFileReference; lastKnownFileType = sourcecode.swift; path = BaseInteractor.swift; sourceTree = "<group>"; };
		10BF73072115A03600D91184 /* BaseView.swift */ = {isa = PBXFileReference; lastKnownFileType = sourcecode.swift; path = BaseView.swift; sourceTree = "<group>"; };
		10BF730C2115C2E300D91184 /* ReusableView.swift */ = {isa = PBXFileReference; lastKnownFileType = sourcecode.swift; path = ReusableView.swift; sourceTree = "<group>"; };
		10BF730E2115C3A000D91184 /* UITableViewCellExtension.swift */ = {isa = PBXFileReference; lastKnownFileType = sourcecode.swift; path = UITableViewCellExtension.swift; sourceTree = "<group>"; };
		10BF73102115C3BE00D91184 /* UITableViewExtension.swift */ = {isa = PBXFileReference; lastKnownFileType = sourcecode.swift; path = UITableViewExtension.swift; sourceTree = "<group>"; };
		10BF73122115C3D300D91184 /* UICollectionViewCellExtension.swift */ = {isa = PBXFileReference; lastKnownFileType = sourcecode.swift; path = UICollectionViewCellExtension.swift; sourceTree = "<group>"; };
		10BF73142115C3E800D91184 /* UICollectionViewExtension.swift */ = {isa = PBXFileReference; lastKnownFileType = sourcecode.swift; path = UICollectionViewExtension.swift; sourceTree = "<group>"; };
		10BF73162115C66A00D91184 /* NibLoadableView.swift */ = {isa = PBXFileReference; lastKnownFileType = sourcecode.swift; path = NibLoadableView.swift; sourceTree = "<group>"; };
		10BF73182115CBD800D91184 /* TextFeedsTableViewCell.swift */ = {isa = PBXFileReference; lastKnownFileType = sourcecode.swift; path = TextFeedsTableViewCell.swift; sourceTree = "<group>"; };
		10BF73192115CBD800D91184 /* TextFeedsTableViewCell.xib */ = {isa = PBXFileReference; lastKnownFileType = file.xib; path = TextFeedsTableViewCell.xib; sourceTree = "<group>"; };
		10BF731D2115E9C300D91184 /* TextFeed.swift */ = {isa = PBXFileReference; lastKnownFileType = sourcecode.swift; path = TextFeed.swift; sourceTree = "<group>"; };
		10BF73222116439600D91184 /* LocalDataService.swift */ = {isa = PBXFileReference; lastKnownFileType = sourcecode.swift; path = LocalDataService.swift; sourceTree = "<group>"; };
		10BF73242116489300D91184 /* ImageFeed.swift */ = {isa = PBXFileReference; lastKnownFileType = sourcecode.swift; path = ImageFeed.swift; sourceTree = "<group>"; };
		10BF732621164A2900D91184 /* HomeFeedType.swift */ = {isa = PBXFileReference; lastKnownFileType = sourcecode.swift; path = HomeFeedType.swift; sourceTree = "<group>"; };
		10BF732821164B0800D91184 /* HomeFeedModel.swift */ = {isa = PBXFileReference; lastKnownFileType = sourcecode.swift; path = HomeFeedModel.swift; sourceTree = "<group>"; };
		10BF732A21164F6200D91184 /* ErrorData.swift */ = {isa = PBXFileReference; lastKnownFileType = sourcecode.swift; path = ErrorData.swift; sourceTree = "<group>"; };
		10BF732C2116D90E00D91184 /* ResponseStatus.swift */ = {isa = PBXFileReference; lastKnownFileType = sourcecode.swift; path = ResponseStatus.swift; sourceTree = "<group>"; };
		10BF732E2116DC5800D91184 /* ImageFeedTableViewCell.swift */ = {isa = PBXFileReference; lastKnownFileType = sourcecode.swift; path = ImageFeedTableViewCell.swift; sourceTree = "<group>"; };
		10BF732F2116DC5800D91184 /* ImageFeedTableViewCell.xib */ = {isa = PBXFileReference; lastKnownFileType = file.xib; path = ImageFeedTableViewCell.xib; sourceTree = "<group>"; };
/* End PBXFileReference section */

/* Begin PBXFrameworksBuildPhase section */
		10BF72AA211541C100D91184 /* Frameworks */ = {
			isa = PBXFrameworksBuildPhase;
			buildActionMask = 2147483647;
			files = (
			);
			runOnlyForDeploymentPostprocessing = 0;
		};
		10BF72BE211541C300D91184 /* Frameworks */ = {
			isa = PBXFrameworksBuildPhase;
			buildActionMask = 2147483647;
			files = (
			);
			runOnlyForDeploymentPostprocessing = 0;
		};
		10BF72C9211541C300D91184 /* Frameworks */ = {
			isa = PBXFrameworksBuildPhase;
			buildActionMask = 2147483647;
			files = (
			);
			runOnlyForDeploymentPostprocessing = 0;
		};
/* End PBXFrameworksBuildPhase section */

/* Begin PBXGroup section */
		10BF72A4211541C100D91184 = {
			isa = PBXGroup;
			children = (
				10BF72AF211541C100D91184 /* DynamicLayout */,
				10BF72C4211541C300D91184 /* DynamicLayoutTests */,
				10BF72CF211541C300D91184 /* DynamicLayoutUITests */,
				10BF72AE211541C100D91184 /* Products */,
			);
			sourceTree = "<group>";
		};
		10BF72AE211541C100D91184 /* Products */ = {
			isa = PBXGroup;
			children = (
				10BF72AD211541C100D91184 /* DynamicLayout.app */,
				10BF72C1211541C300D91184 /* DynamicLayoutTests.xctest */,
				10BF72CC211541C300D91184 /* DynamicLayoutUITests.xctest */,
			);
			name = Products;
			sourceTree = "<group>";
		};
		10BF72AF211541C100D91184 /* DynamicLayout */ = {
			isa = PBXGroup;
			children = (
				10BF7320211642E300D91184 /* Services */,
				10BF731F21161C9B00D91184 /* Adapters */,
				10BF731C2115E99400D91184 /* Models */,
				10BF730B2115C2C100D91184 /* Utilities */,
				10BF72F6211571D300D91184 /* BaseVIPER */,
				10BF72DE2115424C00D91184 /* Modules */,
				10BF72FC2115754900D91184 /* Enums */,
				10BF72F9211574C200D91184 /* Extensions */,
				10BF72E52115434300D91184 /* CommonStoryboards */,
				10BF72E0211542B500D91184 /* Resources */,
				10BF72B0211541C100D91184 /* AppDelegate.swift */,
				10BF72BC211541C300D91184 /* Info.plist */,
			);
			path = DynamicLayout;
			sourceTree = "<group>";
		};
		10BF72C4211541C300D91184 /* DynamicLayoutTests */ = {
			isa = PBXGroup;
			children = (
				10BF72C5211541C300D91184 /* DynamicLayoutTests.swift */,
				10BF72C7211541C300D91184 /* Info.plist */,
			);
			path = DynamicLayoutTests;
			sourceTree = "<group>";
		};
		10BF72CF211541C300D91184 /* DynamicLayoutUITests */ = {
			isa = PBXGroup;
			children = (
				10BF72D0211541C300D91184 /* DynamicLayoutUITests.swift */,
				10BF72D2211541C300D91184 /* Info.plist */,
			);
			path = DynamicLayoutUITests;
			sourceTree = "<group>";
		};
		10BF72DE2115424C00D91184 /* Modules */ = {
			isa = PBXGroup;
			children = (
				10BF72DF2115427700D91184 /* Home */,
			);
			path = Modules;
			sourceTree = "<group>";
		};
		10BF72DF2115427700D91184 /* Home */ = {
			isa = PBXGroup;
			children = (
				10BF72E72115439E00D91184 /* CollectionViewCells */,
				10BF72E62115438E00D91184 /* TableViewCells */,
				10BF72E82115446A00D91184 /* HomeInterfaces.swift */,
				10BF72EA211544AA00D91184 /* HomePresenter.swift */,
				10BF72EC211544D300D91184 /* HomeInteractor.swift */,
				10BF72EF211544FF00D91184 /* HomeWireframe.swift */,
				10BF72F12115452800D91184 /* HomeViewController.swift */,
				10BF730121158B6E00D91184 /* Home.storyboard */,
			);
			path = Home;
			sourceTree = "<group>";
		};
		10BF72E0211542B500D91184 /* Resources */ = {
			isa = PBXGroup;
			children = (
				10BF72F3211545A700D91184 /* LocalData */,
				10BF72E4211542FC00D91184 /* Fonts */,
				10BF72E3211542F300D91184 /* Strings */,
				10BF72E1211542D600D91184 /* Assets */,
			);
			path = Resources;
			sourceTree = "<group>";
		};
		10BF72E1211542D600D91184 /* Assets */ = {
			isa = PBXGroup;
			children = (
				10BF72B7211541C300D91184 /* Assets.xcassets */,
			);
			path = Assets;
			sourceTree = "<group>";
		};
		10BF72E3211542F300D91184 /* Strings */ = {
			isa = PBXGroup;
			children = (
			);
			path = Strings;
			sourceTree = "<group>";
		};
		10BF72E4211542FC00D91184 /* Fonts */ = {
			isa = PBXGroup;
			children = (
			);
			path = Fonts;
			sourceTree = "<group>";
		};
		10BF72E52115434300D91184 /* CommonStoryboards */ = {
			isa = PBXGroup;
			children = (
				10BF72B9211541C300D91184 /* LaunchScreen.storyboard */,
				10BF72B4211541C100D91184 /* Main.storyboard */,
			);
			path = CommonStoryboards;
			sourceTree = "<group>";
		};
		10BF72E62115438E00D91184 /* TableViewCells */ = {
			isa = PBXGroup;
			children = (
				10BF73182115CBD800D91184 /* TextFeedsTableViewCell.swift */,
				10BF73192115CBD800D91184 /* TextFeedsTableViewCell.xib */,
				10BF732E2116DC5800D91184 /* ImageFeedTableViewCell.swift */,
				10BF732F2116DC5800D91184 /* ImageFeedTableViewCell.xib */,
			);
			path = TableViewCells;
			sourceTree = "<group>";
		};
		10BF72E72115439E00D91184 /* CollectionViewCells */ = {
			isa = PBXGroup;
			children = (
			);
			path = CollectionViewCells;
			sourceTree = "<group>";
		};
		10BF72F3211545A700D91184 /* LocalData */ = {
			isa = PBXGroup;
			children = (
				10BF72F42115461700D91184 /* HomeFeeds.json */,
			);
			path = LocalData;
			sourceTree = "<group>";
		};
		10BF72F6211571D300D91184 /* BaseVIPER */ = {
			isa = PBXGroup;
			children = (
				10BF72F72115720600D91184 /* BaseWireframe.swift */,
				10BF73032115929C00D91184 /* BasePresenter.swift */,
				10BF7305211592BD00D91184 /* BaseInteractor.swift */,
				10BF73072115A03600D91184 /* BaseView.swift */,
			);
			path = BaseVIPER;
			sourceTree = "<group>";
		};
		10BF72F9211574C200D91184 /* Extensions */ = {
			isa = PBXGroup;
			children = (
				10BF73162115C66A00D91184 /* NibLoadableView.swift */,
				10BF730C2115C2E300D91184 /* ReusableView.swift */,
				10BF72FA211574F100D91184 /* UINavigationControllerExtension.swift */,
				10BF72FD21157AB300D91184 /* UIViewControllerExtension.swift */,
				10BF72FF2115849C00D91184 /* UIStoryboardExtension.swift */,
				10BF730E2115C3A000D91184 /* UITableViewCellExtension.swift */,
				10BF73102115C3BE00D91184 /* UITableViewExtension.swift */,
				10BF73122115C3D300D91184 /* UICollectionViewCellExtension.swift */,
				10BF73142115C3E800D91184 /* UICollectionViewExtension.swift */,
			);
			path = Extensions;
			sourceTree = "<group>";
		};
		10BF72FC2115754900D91184 /* Enums */ = {
			isa = PBXGroup;
			children = (
				10BF732621164A2900D91184 /* HomeFeedType.swift */,
				10BF732C2116D90E00D91184 /* ResponseStatus.swift */,
			);
			path = Enums;
			sourceTree = "<group>";
		};
		10BF730B2115C2C100D91184 /* Utilities */ = {
			isa = PBXGroup;
			children = (
			);
			path = Utilities;
			sourceTree = "<group>";
		};
		10BF731C2115E99400D91184 /* Models */ = {
			isa = PBXGroup;
			children = (
				10BF731D2115E9C300D91184 /* TextFeed.swift */,
				10BF73242116489300D91184 /* ImageFeed.swift */,
				10BF732821164B0800D91184 /* HomeFeedModel.swift */,
				10BF732A21164F6200D91184 /* ErrorData.swift */,
			);
			path = Models;
			sourceTree = "<group>";
		};
		10BF731F21161C9B00D91184 /* Adapters */ = {
			isa = PBXGroup;
			children = (
			);
			path = Adapters;
			sourceTree = "<group>";
		};
		10BF7320211642E300D91184 /* Services */ = {
			isa = PBXGroup;
			children = (
				10BF73222116439600D91184 /* LocalDataService.swift */,
			);
			path = Services;
			sourceTree = "<group>";
		};
/* End PBXGroup section */

/* Begin PBXNativeTarget section */
		10BF72AC211541C100D91184 /* DynamicLayout */ = {
			isa = PBXNativeTarget;
			buildConfigurationList = 10BF72D5211541C300D91184 /* Build configuration list for PBXNativeTarget "DynamicLayout" */;
			buildPhases = (
				10BF72A9211541C100D91184 /* Sources */,
				10BF72AA211541C100D91184 /* Frameworks */,
				10BF72AB211541C100D91184 /* Resources */,
			);
			buildRules = (
			);
			dependencies = (
			);
			name = DynamicLayout;
			productName = DynamicLayout;
			productReference = 10BF72AD211541C100D91184 /* DynamicLayout.app */;
			productType = "com.apple.product-type.application";
		};
		10BF72C0211541C300D91184 /* DynamicLayoutTests */ = {
			isa = PBXNativeTarget;
			buildConfigurationList = 10BF72D8211541C300D91184 /* Build configuration list for PBXNativeTarget "DynamicLayoutTests" */;
			buildPhases = (
				10BF72BD211541C300D91184 /* Sources */,
				10BF72BE211541C300D91184 /* Frameworks */,
				10BF72BF211541C300D91184 /* Resources */,
			);
			buildRules = (
			);
			dependencies = (
				10BF72C3211541C300D91184 /* PBXTargetDependency */,
			);
			name = DynamicLayoutTests;
			productName = DynamicLayoutTests;
			productReference = 10BF72C1211541C300D91184 /* DynamicLayoutTests.xctest */;
			productType = "com.apple.product-type.bundle.unit-test";
		};
		10BF72CB211541C300D91184 /* DynamicLayoutUITests */ = {
			isa = PBXNativeTarget;
			buildConfigurationList = 10BF72DB211541C300D91184 /* Build configuration list for PBXNativeTarget "DynamicLayoutUITests" */;
			buildPhases = (
				10BF72C8211541C300D91184 /* Sources */,
				10BF72C9211541C300D91184 /* Frameworks */,
				10BF72CA211541C300D91184 /* Resources */,
			);
			buildRules = (
			);
			dependencies = (
				10BF72CE211541C300D91184 /* PBXTargetDependency */,
			);
			name = DynamicLayoutUITests;
			productName = DynamicLayoutUITests;
			productReference = 10BF72CC211541C300D91184 /* DynamicLayoutUITests.xctest */;
			productType = "com.apple.product-type.bundle.ui-testing";
		};
/* End PBXNativeTarget section */

/* Begin PBXProject section */
		10BF72A5211541C100D91184 /* Project object */ = {
			isa = PBXProject;
			attributes = {
				LastSwiftUpdateCheck = 0940;
				LastUpgradeCheck = 0940;
				ORGANIZATIONNAME = "Sunil Sharma";
				TargetAttributes = {
					10BF72AC211541C100D91184 = {
						CreatedOnToolsVersion = 9.4.1;
					};
					10BF72C0211541C300D91184 = {
						CreatedOnToolsVersion = 9.4.1;
						TestTargetID = 10BF72AC211541C100D91184;
					};
					10BF72CB211541C300D91184 = {
						CreatedOnToolsVersion = 9.4.1;
						TestTargetID = 10BF72AC211541C100D91184;
					};
				};
			};
			buildConfigurationList = 10BF72A8211541C100D91184 /* Build configuration list for PBXProject "DynamicLayout" */;
			compatibilityVersion = "Xcode 9.3";
			developmentRegion = en;
			hasScannedForEncodings = 0;
			knownRegions = (
				en,
				Base,
			);
			mainGroup = 10BF72A4211541C100D91184;
			productRefGroup = 10BF72AE211541C100D91184 /* Products */;
			projectDirPath = "";
			projectRoot = "";
			targets = (
				10BF72AC211541C100D91184 /* DynamicLayout */,
				10BF72C0211541C300D91184 /* DynamicLayoutTests */,
				10BF72CB211541C300D91184 /* DynamicLayoutUITests */,
			);
		};
/* End PBXProject section */

/* Begin PBXResourcesBuildPhase section */
		10BF72AB211541C100D91184 /* Resources */ = {
			isa = PBXResourcesBuildPhase;
			buildActionMask = 2147483647;
			files = (
				10BF72BB211541C300D91184 /* LaunchScreen.storyboard in Resources */,
				10BF730221158B6E00D91184 /* Home.storyboard in Resources */,
				10BF72B8211541C300D91184 /* Assets.xcassets in Resources */,
				10BF73312116DC5800D91184 /* ImageFeedTableViewCell.xib in Resources */,
				10BF72B6211541C100D91184 /* Main.storyboard in Resources */,
				10BF731B2115CBD800D91184 /* TextFeedsTableViewCell.xib in Resources */,
				10BF72F52115461700D91184 /* HomeFeeds.json in Resources */,
			);
			runOnlyForDeploymentPostprocessing = 0;
		};
		10BF72BF211541C300D91184 /* Resources */ = {
			isa = PBXResourcesBuildPhase;
			buildActionMask = 2147483647;
			files = (
			);
			runOnlyForDeploymentPostprocessing = 0;
		};
		10BF72CA211541C300D91184 /* Resources */ = {
			isa = PBXResourcesBuildPhase;
			buildActionMask = 2147483647;
			files = (
			);
			runOnlyForDeploymentPostprocessing = 0;
		};
/* End PBXResourcesBuildPhase section */

/* Begin PBXSourcesBuildPhase section */
		10BF72A9211541C100D91184 /* Sources */ = {
			isa = PBXSourcesBuildPhase;
			buildActionMask = 2147483647;
			files = (
				10BF72EB211544AA00D91184 /* HomePresenter.swift in Sources */,
				10BF73302116DC5800D91184 /* ImageFeedTableViewCell.swift in Sources */,
				10BF73082115A03600D91184 /* BaseView.swift in Sources */,
				10BF72E92115446A00D91184 /* HomeInterfaces.swift in Sources */,
				10BF73232116439600D91184 /* LocalDataService.swift in Sources */,
				10BF73112115C3BE00D91184 /* UITableViewExtension.swift in Sources */,
				10BF73152115C3E800D91184 /* UICollectionViewExtension.swift in Sources */,
				10BF73002115849C00D91184 /* UIStoryboardExtension.swift in Sources */,
				10BF731E2115E9C300D91184 /* TextFeed.swift in Sources */,
				10BF731A2115CBD800D91184 /* TextFeedsTableViewCell.swift in Sources */,
				10BF732D2116D90E00D91184 /* ResponseStatus.swift in Sources */,
				10BF72FE21157AB300D91184 /* UIViewControllerExtension.swift in Sources */,
				10BF73252116489300D91184 /* ImageFeed.swift in Sources */,
				10BF730D2115C2E300D91184 /* ReusableView.swift in Sources */,
				10BF72B1211541C100D91184 /* AppDelegate.swift in Sources */,
				10BF7306211592BD00D91184 /* BaseInteractor.swift in Sources */,
				10BF72F0211544FF00D91184 /* HomeWireframe.swift in Sources */,
				10BF732921164B0800D91184 /* HomeFeedModel.swift in Sources */,
				10BF72F82115720600D91184 /* BaseWireframe.swift in Sources */,
				10BF72ED211544D300D91184 /* HomeInteractor.swift in Sources */,
				10BF72F22115452800D91184 /* HomeViewController.swift in Sources */,
				10BF73172115C66A00D91184 /* NibLoadableView.swift in Sources */,
				10BF730F2115C3A000D91184 /* UITableViewCellExtension.swift in Sources */,
				10BF732721164A2900D91184 /* HomeFeedType.swift in Sources */,
				10BF732B21164F6200D91184 /* ErrorData.swift in Sources */,
				10BF72FB211574F100D91184 /* UINavigationControllerExtension.swift in Sources */,
				10BF73042115929C00D91184 /* BasePresenter.swift in Sources */,
				10BF73132115C3D300D91184 /* UICollectionViewCellExtension.swift in Sources */,
			);
			runOnlyForDeploymentPostprocessing = 0;
		};
		10BF72BD211541C300D91184 /* Sources */ = {
			isa = PBXSourcesBuildPhase;
			buildActionMask = 2147483647;
			files = (
				10BF72C6211541C300D91184 /* DynamicLayoutTests.swift in Sources */,
			);
			runOnlyForDeploymentPostprocessing = 0;
		};
		10BF72C8211541C300D91184 /* Sources */ = {
			isa = PBXSourcesBuildPhase;
			buildActionMask = 2147483647;
			files = (
				10BF72D1211541C300D91184 /* DynamicLayoutUITests.swift in Sources */,
			);
			runOnlyForDeploymentPostprocessing = 0;
		};
/* End PBXSourcesBuildPhase section */

/* Begin PBXTargetDependency section */
		10BF72C3211541C300D91184 /* PBXTargetDependency */ = {
			isa = PBXTargetDependency;
			target = 10BF72AC211541C100D91184 /* DynamicLayout */;
			targetProxy = 10BF72C2211541C300D91184 /* PBXContainerItemProxy */;
		};
		10BF72CE211541C300D91184 /* PBXTargetDependency */ = {
			isa = PBXTargetDependency;
			target = 10BF72AC211541C100D91184 /* DynamicLayout */;
			targetProxy = 10BF72CD211541C300D91184 /* PBXContainerItemProxy */;
		};
/* End PBXTargetDependency section */

/* Begin PBXVariantGroup section */
		10BF72B4211541C100D91184 /* Main.storyboard */ = {
			isa = PBXVariantGroup;
			children = (
				10BF72B5211541C100D91184 /* Base */,
			);
			name = Main.storyboard;
			sourceTree = "<group>";
		};
		10BF72B9211541C300D91184 /* LaunchScreen.storyboard */ = {
			isa = PBXVariantGroup;
			children = (
				10BF72BA211541C300D91184 /* Base */,
			);
			name = LaunchScreen.storyboard;
			sourceTree = "<group>";
		};
/* End PBXVariantGroup section */

/* Begin XCBuildConfiguration section */
		10BF72D3211541C300D91184 /* Debug */ = {
			isa = XCBuildConfiguration;
			buildSettings = {
				ALWAYS_SEARCH_USER_PATHS = NO;
				CLANG_ANALYZER_NONNULL = YES;
				CLANG_ANALYZER_NUMBER_OBJECT_CONVERSION = YES_AGGRESSIVE;
				CLANG_CXX_LANGUAGE_STANDARD = "gnu++14";
				CLANG_CXX_LIBRARY = "libc++";
				CLANG_ENABLE_MODULES = YES;
				CLANG_ENABLE_OBJC_ARC = YES;
				CLANG_ENABLE_OBJC_WEAK = YES;
				CLANG_WARN_BLOCK_CAPTURE_AUTORELEASING = YES;
				CLANG_WARN_BOOL_CONVERSION = YES;
				CLANG_WARN_COMMA = YES;
				CLANG_WARN_CONSTANT_CONVERSION = YES;
				CLANG_WARN_DEPRECATED_OBJC_IMPLEMENTATIONS = YES;
				CLANG_WARN_DIRECT_OBJC_ISA_USAGE = YES_ERROR;
				CLANG_WARN_DOCUMENTATION_COMMENTS = YES;
				CLANG_WARN_EMPTY_BODY = YES;
				CLANG_WARN_ENUM_CONVERSION = YES;
				CLANG_WARN_INFINITE_RECURSION = YES;
				CLANG_WARN_INT_CONVERSION = YES;
				CLANG_WARN_NON_LITERAL_NULL_CONVERSION = YES;
				CLANG_WARN_OBJC_IMPLICIT_RETAIN_SELF = YES;
				CLANG_WARN_OBJC_LITERAL_CONVERSION = YES;
				CLANG_WARN_OBJC_ROOT_CLASS = YES_ERROR;
				CLANG_WARN_RANGE_LOOP_ANALYSIS = YES;
				CLANG_WARN_STRICT_PROTOTYPES = YES;
				CLANG_WARN_SUSPICIOUS_MOVE = YES;
				CLANG_WARN_UNGUARDED_AVAILABILITY = YES_AGGRESSIVE;
				CLANG_WARN_UNREACHABLE_CODE = YES;
				CLANG_WARN__DUPLICATE_METHOD_MATCH = YES;
				CODE_SIGN_IDENTITY = "iPhone Developer";
				COPY_PHASE_STRIP = NO;
				DEBUG_INFORMATION_FORMAT = dwarf;
				ENABLE_STRICT_OBJC_MSGSEND = YES;
				ENABLE_TESTABILITY = YES;
				GCC_C_LANGUAGE_STANDARD = gnu11;
				GCC_DYNAMIC_NO_PIC = NO;
				GCC_NO_COMMON_BLOCKS = YES;
				GCC_OPTIMIZATION_LEVEL = 0;
				GCC_PREPROCESSOR_DEFINITIONS = (
					"DEBUG=1",
					"$(inherited)",
				);
				GCC_WARN_64_TO_32_BIT_CONVERSION = YES;
				GCC_WARN_ABOUT_RETURN_TYPE = YES_ERROR;
				GCC_WARN_UNDECLARED_SELECTOR = YES;
				GCC_WARN_UNINITIALIZED_AUTOS = YES_AGGRESSIVE;
				GCC_WARN_UNUSED_FUNCTION = YES;
				GCC_WARN_UNUSED_VARIABLE = YES;
				IPHONEOS_DEPLOYMENT_TARGET = 11.4;
				MTL_ENABLE_DEBUG_INFO = YES;
				ONLY_ACTIVE_ARCH = YES;
				SDKROOT = iphoneos;
				SWIFT_ACTIVE_COMPILATION_CONDITIONS = DEBUG;
				SWIFT_OPTIMIZATION_LEVEL = "-Onone";
			};
			name = Debug;
		};
		10BF72D4211541C300D91184 /* Release */ = {
			isa = XCBuildConfiguration;
			buildSettings = {
				ALWAYS_SEARCH_USER_PATHS = NO;
				CLANG_ANALYZER_NONNULL = YES;
				CLANG_ANALYZER_NUMBER_OBJECT_CONVERSION = YES_AGGRESSIVE;
				CLANG_CXX_LANGUAGE_STANDARD = "gnu++14";
				CLANG_CXX_LIBRARY = "libc++";
				CLANG_ENABLE_MODULES = YES;
				CLANG_ENABLE_OBJC_ARC = YES;
				CLANG_ENABLE_OBJC_WEAK = YES;
				CLANG_WARN_BLOCK_CAPTURE_AUTORELEASING = YES;
				CLANG_WARN_BOOL_CONVERSION = YES;
				CLANG_WARN_COMMA = YES;
				CLANG_WARN_CONSTANT_CONVERSION = YES;
				CLANG_WARN_DEPRECATED_OBJC_IMPLEMENTATIONS = YES;
				CLANG_WARN_DIRECT_OBJC_ISA_USAGE = YES_ERROR;
				CLANG_WARN_DOCUMENTATION_COMMENTS = YES;
				CLANG_WARN_EMPTY_BODY = YES;
				CLANG_WARN_ENUM_CONVERSION = YES;
				CLANG_WARN_INFINITE_RECURSION = YES;
				CLANG_WARN_INT_CONVERSION = YES;
				CLANG_WARN_NON_LITERAL_NULL_CONVERSION = YES;
				CLANG_WARN_OBJC_IMPLICIT_RETAIN_SELF = YES;
				CLANG_WARN_OBJC_LITERAL_CONVERSION = YES;
				CLANG_WARN_OBJC_ROOT_CLASS = YES_ERROR;
				CLANG_WARN_RANGE_LOOP_ANALYSIS = YES;
				CLANG_WARN_STRICT_PROTOTYPES = YES;
				CLANG_WARN_SUSPICIOUS_MOVE = YES;
				CLANG_WARN_UNGUARDED_AVAILABILITY = YES_AGGRESSIVE;
				CLANG_WARN_UNREACHABLE_CODE = YES;
				CLANG_WARN__DUPLICATE_METHOD_MATCH = YES;
				CODE_SIGN_IDENTITY = "iPhone Developer";
				COPY_PHASE_STRIP = NO;
				DEBUG_INFORMATION_FORMAT = "dwarf-with-dsym";
				ENABLE_NS_ASSERTIONS = NO;
				ENABLE_STRICT_OBJC_MSGSEND = YES;
				GCC_C_LANGUAGE_STANDARD = gnu11;
				GCC_NO_COMMON_BLOCKS = YES;
				GCC_WARN_64_TO_32_BIT_CONVERSION = YES;
				GCC_WARN_ABOUT_RETURN_TYPE = YES_ERROR;
				GCC_WARN_UNDECLARED_SELECTOR = YES;
				GCC_WARN_UNINITIALIZED_AUTOS = YES_AGGRESSIVE;
				GCC_WARN_UNUSED_FUNCTION = YES;
				GCC_WARN_UNUSED_VARIABLE = YES;
				IPHONEOS_DEPLOYMENT_TARGET = 11.4;
				MTL_ENABLE_DEBUG_INFO = NO;
				SDKROOT = iphoneos;
				SWIFT_COMPILATION_MODE = wholemodule;
				SWIFT_OPTIMIZATION_LEVEL = "-O";
				VALIDATE_PRODUCT = YES;
			};
			name = Release;
		};
		10BF72D6211541C300D91184 /* Debug */ = {
			isa = XCBuildConfiguration;
			buildSettings = {
				ASSETCATALOG_COMPILER_APPICON_NAME = AppIcon;
				CODE_SIGN_STYLE = Automatic;
				DEVELOPMENT_TEAM = BZCY6Y4SD9;
				INFOPLIST_FILE = DynamicLayout/Info.plist;
				LD_RUNPATH_SEARCH_PATHS = (
					"$(inherited)",
					"@executable_path/Frameworks",
				);
				PRODUCT_BUNDLE_IDENTIFIER = com.sunilsharma.DynamicLayout;
				PRODUCT_NAME = "$(TARGET_NAME)";
				SWIFT_VERSION = 4.0;
				TARGETED_DEVICE_FAMILY = "1,2";
			};
			name = Debug;
		};
		10BF72D7211541C300D91184 /* Release */ = {
			isa = XCBuildConfiguration;
			buildSettings = {
				ASSETCATALOG_COMPILER_APPICON_NAME = AppIcon;
				CODE_SIGN_STYLE = Automatic;
				DEVELOPMENT_TEAM = BZCY6Y4SD9;
				INFOPLIST_FILE = DynamicLayout/Info.plist;
				LD_RUNPATH_SEARCH_PATHS = (
					"$(inherited)",
					"@executable_path/Frameworks",
				);
				PRODUCT_BUNDLE_IDENTIFIER = com.sunilsharma.DynamicLayout;
				PRODUCT_NAME = "$(TARGET_NAME)";
				SWIFT_VERSION = 4.0;
				TARGETED_DEVICE_FAMILY = "1,2";
			};
			name = Release;
		};
		10BF72D9211541C300D91184 /* Debug */ = {
			isa = XCBuildConfiguration;
			buildSettings = {
				ALWAYS_EMBED_SWIFT_STANDARD_LIBRARIES = YES;
				BUNDLE_LOADER = "$(TEST_HOST)";
				CODE_SIGN_STYLE = Automatic;
				DEVELOPMENT_TEAM = BZCY6Y4SD9;
				INFOPLIST_FILE = DynamicLayoutTests/Info.plist;
				LD_RUNPATH_SEARCH_PATHS = (
					"$(inherited)",
					"@executable_path/Frameworks",
					"@loader_path/Frameworks",
				);
				PRODUCT_BUNDLE_IDENTIFIER = com.sunilsharma.DynamicLayoutTests;
				PRODUCT_NAME = "$(TARGET_NAME)";
				SWIFT_VERSION = 4.0;
				TARGETED_DEVICE_FAMILY = "1,2";
				TEST_HOST = "$(BUILT_PRODUCTS_DIR)/DynamicLayout.app/DynamicLayout";
			};
			name = Debug;
		};
		10BF72DA211541C300D91184 /* Release */ = {
			isa = XCBuildConfiguration;
			buildSettings = {
				ALWAYS_EMBED_SWIFT_STANDARD_LIBRARIES = YES;
				BUNDLE_LOADER = "$(TEST_HOST)";
				CODE_SIGN_STYLE = Automatic;
				DEVELOPMENT_TEAM = BZCY6Y4SD9;
				INFOPLIST_FILE = DynamicLayoutTests/Info.plist;
				LD_RUNPATH_SEARCH_PATHS = (
					"$(inherited)",
					"@executable_path/Frameworks",
					"@loader_path/Frameworks",
				);
				PRODUCT_BUNDLE_IDENTIFIER = com.sunilsharma.DynamicLayoutTests;
				PRODUCT_NAME = "$(TARGET_NAME)";
				SWIFT_VERSION = 4.0;
				TARGETED_DEVICE_FAMILY = "1,2";
				TEST_HOST = "$(BUILT_PRODUCTS_DIR)/DynamicLayout.app/DynamicLayout";
			};
			name = Release;
		};
		10BF72DC211541C300D91184 /* Debug */ = {
			isa = XCBuildConfiguration;
			buildSettings = {
				ALWAYS_EMBED_SWIFT_STANDARD_LIBRARIES = YES;
				CODE_SIGN_STYLE = Automatic;
				DEVELOPMENT_TEAM = BZCY6Y4SD9;
				INFOPLIST_FILE = DynamicLayoutUITests/Info.plist;
				LD_RUNPATH_SEARCH_PATHS = (
					"$(inherited)",
					"@executable_path/Frameworks",
					"@loader_path/Frameworks",
				);
				PRODUCT_BUNDLE_IDENTIFIER = com.sunilsharma.DynamicLayoutUITests;
				PRODUCT_NAME = "$(TARGET_NAME)";
				SWIFT_VERSION = 4.0;
				TARGETED_DEVICE_FAMILY = "1,2";
				TEST_TARGET_NAME = DynamicLayout;
			};
			name = Debug;
		};
		10BF72DD211541C300D91184 /* Release */ = {
			isa = XCBuildConfiguration;
			buildSettings = {
				ALWAYS_EMBED_SWIFT_STANDARD_LIBRARIES = YES;
				CODE_SIGN_STYLE = Automatic;
				DEVELOPMENT_TEAM = BZCY6Y4SD9;
				INFOPLIST_FILE = DynamicLayoutUITests/Info.plist;
				LD_RUNPATH_SEARCH_PATHS = (
					"$(inherited)",
					"@executable_path/Frameworks",
					"@loader_path/Frameworks",
				);
				PRODUCT_BUNDLE_IDENTIFIER = com.sunilsharma.DynamicLayoutUITests;
				PRODUCT_NAME = "$(TARGET_NAME)";
				SWIFT_VERSION = 4.0;
				TARGETED_DEVICE_FAMILY = "1,2";
				TEST_TARGET_NAME = DynamicLayout;
			};
			name = Release;
		};
/* End XCBuildConfiguration section */

/* Begin XCConfigurationList section */
		10BF72A8211541C100D91184 /* Build configuration list for PBXProject "DynamicLayout" */ = {
			isa = XCConfigurationList;
			buildConfigurations = (
				10BF72D3211541C300D91184 /* Debug */,
				10BF72D4211541C300D91184 /* Release */,
			);
			defaultConfigurationIsVisible = 0;
			defaultConfigurationName = Release;
		};
		10BF72D5211541C300D91184 /* Build configuration list for PBXNativeTarget "DynamicLayout" */ = {
			isa = XCConfigurationList;
			buildConfigurations = (
				10BF72D6211541C300D91184 /* Debug */,
				10BF72D7211541C300D91184 /* Release */,
			);
			defaultConfigurationIsVisible = 0;
			defaultConfigurationName = Release;
		};
		10BF72D8211541C300D91184 /* Build configuration list for PBXNativeTarget "DynamicLayoutTests" */ = {
			isa = XCConfigurationList;
			buildConfigurations = (
				10BF72D9211541C300D91184 /* Debug */,
				10BF72DA211541C300D91184 /* Release */,
			);
			defaultConfigurationIsVisible = 0;
			defaultConfigurationName = Release;
		};
		10BF72DB211541C300D91184 /* Build configuration list for PBXNativeTarget "DynamicLayoutUITests" */ = {
			isa = XCConfigurationList;
			buildConfigurations = (
				10BF72DC211541C300D91184 /* Debug */,
				10BF72DD211541C300D91184 /* Release */,
			);
			defaultConfigurationIsVisible = 0;
			defaultConfigurationName = Release;
		};
/* End XCConfigurationList section */
	};
	rootObject = 10BF72A5211541C100D91184 /* Project object */;
}
